{
    "_readme": [
        "This file locks the dependencies of your project to a known state",
        "Read more about it at https://getcomposer.org/doc/01-basic-usage.md#composer-lock-the-lock-file",
        "This file is @generated automatically"
    ],
    "hash": "0622ae0b828e216a2da8f618816f943d",
    "packages": [
        {
            "name": "bzick/smart-invoker",
            "version": "dev-master",
            "source": {
                "type": "git",
                "url": "https://github.com/bzick/smart-invoker.git",
                "reference": "73a7301d0243943e97c3e407a7b2e39c20733dfe"
            },
            "dist": {
                "type": "zip",
                "url": "https://api.github.com/repos/bzick/smart-invoker/zipball/73a7301d0243943e97c3e407a7b2e39c20733dfe",
                "reference": "73a7301d0243943e97c3e407a7b2e39c20733dfe",
                "shasum": ""
            },
            "require": {
                "php": ">=5.3"
            },
            "require-dev": {
                "phpunit/phpunit": "*",
                "satooshi/php-coveralls": "dev-master"
            },
            "type": "library",
            "autoload": {
                "psr-0": {
                    "SmartInvoker": "src/"
                }
            },
            "notification-url": "https://packagist.org/downloads/",
            "license": [
                "MIT"
            ],
            "authors": [
                {
                    "name": "Ivan Shalganov",
                    "email": "a.cobest@gmail.com"
                }
            ],
            "description": "Utility classes for invoking callables with verification of arguments and type casting",
            "keywords": [
                "call",
                "call_user_func",
                "call_user_func_array",
                "cast",
                "invoke",
                "reflection",
                "validation"
            ],
            "time": "2015-06-29 21:42:18"
        },
        {
            "name": "fenom/fenom",
            "version": "dev-master",
            "source": {
                "type": "git",
                "url": "https://github.com/fenom-template/fenom.git",
                "reference": "6331ad44a40851f33d72afaff4d4b89008570110"
            },
            "dist": {
                "type": "zip",
                "url": "https://api.github.com/repos/fenom-template/fenom/zipball/6331ad44a40851f33d72afaff4d4b89008570110",
                "reference": "6331ad44a40851f33d72afaff4d4b89008570110",
                "shasum": ""
            },
            "require": {
                "ext-tokenizer": "*",
                "php": ">=5.3.0"
            },
            "require-dev": {
                "phpunit/phpunit": "*",
                "satooshi/php-coveralls": "dev-master"
            },
            "type": "library",
            "autoload": {
                "psr-0": {
                    "Fenom\\": "src/"
                },
                "classmap": [
                    "src/Fenom.php"
                ]
            },
            "notification-url": "https://packagist.org/downloads/",
            "license": [
                "BSD-3"
            ],
            "authors": [
                {
                    "name": "Ivan Shalganov",
                    "email": "a.cobest@gmail.com"
                }
            ],
            "description": "Fenom - excellent template engine for PHP",
            "keywords": [
                "fenom",
                "template",
                "templater",
                "templating"
            ],
            "time": "2015-07-21 07:19:54"
        },
        {
            "name": "vladkens/vk",
            "version": "dev-master",
            "source": {
                "type": "git",
                "url": "https://github.com/vladkens/VK.git",
                "reference": "c190ac4726501f147381cc627306357dc936620c"
            },
            "dist": {
                "type": "zip",
                "url": "https://api.github.com/repos/vladkens/VK/zipball/c190ac4726501f147381cc627306357dc936620c",
                "reference": "c190ac4726501f147381cc627306357dc936620c",
                "shasum": ""
            },
            "require": {
                "php": ">=5.3.0"
            },
            "type": "library",
            "autoload": {
                "psr-0": {
                    "VK": "src"
                }
            },
            "notification-url": "https://packagist.org/downloads/",
            "license": [
                "MIT"
            ],
            "authors": [
                {
                    "name": "Vlad Pronsky",
                    "email": "vladkens@yandex.ru"
                }
            ],
            "description": "The PHP class for vk.com API with support OAuth.",
            "keywords": [
                "api",
                "oauth",
                "vk",
                "vk.com"
            ],
            "time": "2015-07-21 21:27:52"
        }
    ],
    "packages-dev": [],
    "aliases": [],
    "minimum-stability": "dev",
    "stability-flags": {
        "fenom/fenom": 20,
        "vladkens/vk": 20,
        "bzick/smart-invoker": 20
    },
    "prefer-stable": false,
    "prefer-lowest": false,
    "platform": [],
    "platform-dev": []
}
